
Microsoft Visual Studio Solution File, Format Version 12.00
Project("{FAE04EC0-301F-11D3-BF4B-00C04F79EFBC}") = "Endpoint", "src\Endpoint\Endpoint.csproj", "{CCB98417-E9C6-43E6-9326-3B483BED00A1}"
EndProject
Project("{FAE04EC0-301F-11D3-BF4B-00C04F79EFBC}") = "BusinessLogic", "src\BusinessLogic\BusinessLogic.csproj", "{8395DFEF-4B7A-43CF-B438-E637CDDDC4AA}"
EndProject
Project("{FAE04EC0-301F-11D3-BF4B-00C04F79EFBC}") = "Dal", "src\Dal\Dal.csproj", "{F6DE9284-439A-4073-A3EF-08DA4D9A3B94}"
EndProject
Project("{FAE04EC0-301F-11D3-BF4B-00C04F79EFBC}") = "LocalRunner", "src\LocalRunner\LocalRunner.csproj", "{47265E30-573E-4B18-8543-2AAFAEAB787C}"
EndProject
Project("{FAE04EC0-301F-11D3-BF4B-00C04F79EFBC}") = "AwsCdk", "AwsCdk\AwsCdk.csproj", "{0A611E78-9A17-4EA6-99EB-DA07B1BDC6D4}"
EndProject
Project("{2150E333-8FDC-42A3-9474-1A3956D46DE8}") = "src", "src", "{BE887903-1A84-4CC6-B9C1-3268DEE12B8D}"
EndProject
Project("{FAE04EC0-301F-11D3-BF4B-00C04F79EFBC}") = "Common", "src\Common\Common.csproj", "{018C144B-925D-42DF-99FC-52F44B3E5D9F}"
EndProject
Project("{FAE04EC0-301F-11D3-BF4B-00C04F79EFBC}") = "LoanApi", "src\LoanApi\LoanApi\LoanApi.csproj", "{806FE4F8-9C03-4465-8C12-78D9445C2492}"
EndProject
Project("{2150E333-8FDC-42A3-9474-1A3956D46DE8}") = "tests", "tests", "{910A15FE-3056-49BD-BAA7-33841CE356B2}"
EndProject
Project("{FAE04EC0-301F-11D3-BF4B-00C04F79EFBC}") = "LoanApi.Tests", "src\LoanApi\LoanApi.Tests\LoanApi.Tests.csproj", "{21E78148-7BCF-4C5E-90D6-32F054E52A64}"
EndProject
Global
	GlobalSection(SolutionConfigurationPlatforms) = preSolution
		Debug|Any CPU = Debug|Any CPU
		Release|Any CPU = Release|Any CPU
	EndGlobalSection
	GlobalSection(ProjectConfigurationPlatforms) = postSolution
		{CCB98417-E9C6-43E6-9326-3B483BED00A1}.Debug|Any CPU.ActiveCfg = Debug|Any CPU
		{CCB98417-E9C6-43E6-9326-3B483BED00A1}.Debug|Any CPU.Build.0 = Debug|Any CPU
		{CCB98417-E9C6-43E6-9326-3B483BED00A1}.Release|Any CPU.ActiveCfg = Release|Any CPU
		{CCB98417-E9C6-43E6-9326-3B483BED00A1}.Release|Any CPU.Build.0 = Release|Any CPU
		{8395DFEF-4B7A-43CF-B438-E637CDDDC4AA}.Debug|Any CPU.ActiveCfg = Debug|Any CPU
		{8395DFEF-4B7A-43CF-B438-E637CDDDC4AA}.Debug|Any CPU.Build.0 = Debug|Any CPU
		{8395DFEF-4B7A-43CF-B438-E637CDDDC4AA}.Release|Any CPU.ActiveCfg = Release|Any CPU
		{8395DFEF-4B7A-43CF-B438-E637CDDDC4AA}.Release|Any CPU.Build.0 = Release|Any CPU
		{F6DE9284-439A-4073-A3EF-08DA4D9A3B94}.Debug|Any CPU.ActiveCfg = Debug|Any CPU
		{F6DE9284-439A-4073-A3EF-08DA4D9A3B94}.Debug|Any CPU.Build.0 = Debug|Any CPU
		{F6DE9284-439A-4073-A3EF-08DA4D9A3B94}.Release|Any CPU.ActiveCfg = Release|Any CPU
		{F6DE9284-439A-4073-A3EF-08DA4D9A3B94}.Release|Any CPU.Build.0 = Release|Any CPU
		{47265E30-573E-4B18-8543-2AAFAEAB787C}.Debug|Any CPU.ActiveCfg = Debug|Any CPU
		{47265E30-573E-4B18-8543-2AAFAEAB787C}.Debug|Any CPU.Build.0 = Debug|Any CPU
		{47265E30-573E-4B18-8543-2AAFAEAB787C}.Release|Any CPU.ActiveCfg = Release|Any CPU
		{47265E30-573E-4B18-8543-2AAFAEAB787C}.Release|Any CPU.Build.0 = Release|Any CPU
		{0A611E78-9A17-4EA6-99EB-DA07B1BDC6D4}.Debug|Any CPU.ActiveCfg = Debug|Any CPU
		{0A611E78-9A17-4EA6-99EB-DA07B1BDC6D4}.Debug|Any CPU.Build.0 = Debug|Any CPU
		{0A611E78-9A17-4EA6-99EB-DA07B1BDC6D4}.Release|Any CPU.ActiveCfg = Release|Any CPU
		{0A611E78-9A17-4EA6-99EB-DA07B1BDC6D4}.Release|Any CPU.Build.0 = Release|Any CPU
		{018C144B-925D-42DF-99FC-52F44B3E5D9F}.Debug|Any CPU.ActiveCfg = Debug|Any CPU
		{018C144B-925D-42DF-99FC-52F44B3E5D9F}.Debug|Any CPU.Build.0 = Debug|Any CPU
		{018C144B-925D-42DF-99FC-52F44B3E5D9F}.Release|Any CPU.ActiveCfg = Release|Any CPU
		{018C144B-925D-42DF-99FC-52F44B3E5D9F}.Release|Any CPU.Build.0 = Release|Any CPU
		{806FE4F8-9C03-4465-8C12-78D9445C2492}.Debug|Any CPU.ActiveCfg = Debug|Any CPU
		{806FE4F8-9C03-4465-8C12-78D9445C2492}.Debug|Any CPU.Build.0 = Debug|Any CPU
		{806FE4F8-9C03-4465-8C12-78D9445C2492}.Release|Any CPU.ActiveCfg = Release|Any CPU
		{806FE4F8-9C03-4465-8C12-78D9445C2492}.Release|Any CPU.Build.0 = Release|Any CPU
		{21E78148-7BCF-4C5E-90D6-32F054E52A64}.Debug|Any CPU.ActiveCfg = Debug|Any CPU
		{21E78148-7BCF-4C5E-90D6-32F054E52A64}.Debug|Any CPU.Build.0 = Debug|Any CPU
		{21E78148-7BCF-4C5E-90D6-32F054E52A64}.Release|Any CPU.ActiveCfg = Release|Any CPU
		{21E78148-7BCF-4C5E-90D6-32F054E52A64}.Release|Any CPU.Build.0 = Release|Any CPU
	EndGlobalSection
	GlobalSection(NestedProjects) = preSolution
		{CCB98417-E9C6-43E6-9326-3B483BED00A1} = {BE887903-1A84-4CC6-B9C1-3268DEE12B8D}
		{F6DE9284-439A-4073-A3EF-08DA4D9A3B94} = {BE887903-1A84-4CC6-B9C1-3268DEE12B8D}
		{47265E30-573E-4B18-8543-2AAFAEAB787C} = {BE887903-1A84-4CC6-B9C1-3268DEE12B8D}
		{8395DFEF-4B7A-43CF-B438-E637CDDDC4AA} = {BE887903-1A84-4CC6-B9C1-3268DEE12B8D}
		{018C144B-925D-42DF-99FC-52F44B3E5D9F} = {BE887903-1A84-4CC6-B9C1-3268DEE12B8D}
		{806FE4F8-9C03-4465-8C12-78D9445C2492} = {BE887903-1A84-4CC6-B9C1-3268DEE12B8D}
		{21E78148-7BCF-4C5E-90D6-32F054E52A64} = {910A15FE-3056-49BD-BAA7-33841CE356B2}
	EndGlobalSection
EndGlobal
